
Microsoft Visual Studio Solution File, Format Version 12.00
# Visual Studio Version 17
VisualStudioVersion = 17.1.32210.238
MinimumVisualStudioVersion = 10.0.40219.1
Project("{FAE04EC0-301F-11D3-BF4B-00C04F79EFBC}") = "Kraujo_Bankas", "Kraujo_Bankas\Kraujo_Bankas.csproj", "{C8AECF28-A06C-4165-AB5B-AFAF7437C3FE}"
EndProject
Project("{FAE04EC0-301F-11D3-BF4B-00C04F79EFBC}") = "VartotojuDuomenys", "VartotojuDuomenys\VartotojuDuomenys.csproj", "{5D0CD827-F339-4549-A953-86B905EBBFD6}"
EndProject
Global
	GlobalSection(SolutionConfigurationPlatforms) = preSolution
		Debug|Any CPU = Debug|Any CPU
		Release|Any CPU = Release|Any CPU
	EndGlobalSection
	GlobalSection(ProjectConfigurationPlatforms) = postSolution
		{C8AECF28-A06C-4165-AB5B-AFAF7437C3FE}.Debug|Any CPU.ActiveCfg = Debug|Any CPU
		{C8AECF28-A06C-4165-AB5B-AFAF7437C3FE}.Debug|Any CPU.Build.0 = Debug|Any CPU
		{C8AECF28-A06C-4165-AB5B-AFAF7437C3FE}.Release|Any CPU.ActiveCfg = Release|Any CPU
		{C8AECF28-A06C-4165-AB5B-AFAF7437C3FE}.Release|Any CPU.Build.0 = Release|Any CPU
		{5D0CD827-F339-4549-A953-86B905EBBFD6}.Debug|Any CPU.ActiveCfg = Debug|Any CPU
		{5D0CD827-F339-4549-A953-86B905EBBFD6}.Debug|Any CPU.Build.0 = Debug|Any CPU
		{5D0CD827-F339-4549-A953-86B905EBBFD6}.Release|Any CPU.ActiveCfg = Release|Any CPU
		{5D0CD827-F339-4549-A953-86B905EBBFD6}.Release|Any CPU.Build.0 = Release|Any CPU
	EndGlobalSection
	GlobalSection(SolutionProperties) = preSolution
		HideSolutionNode = FALSE
	EndGlobalSection
	GlobalSection(ExtensibilityGlobals) = postSolution
		SolutionGuid = {47E334D3-ACBF-4498-B523-01B830771D7E}
	EndGlobalSection
EndGlobal
